
Microsoft Visual Studio Solution File, Format Version 12.00
# Visual Studio 15
VisualStudioVersion = 15.0.27703.2035
MinimumVisualStudioVersion = 10.0.40219.1
Project("{FAE04EC0-301F-11D3-BF4B-00C04F79EFBC}") = "Caliburn.Micro.Demo", "Caliburn.Micro.Demo\Caliburn.Micro.Demo.csproj", "{0943FDB7-99DC-430D-9151-A984A637A9DD}"
EndProject
Project("{FAE04EC0-301F-11D3-BF4B-00C04F79EFBC}") = "Caliburn.Micro.Demo.Host", "Caliburn.Micro.Demo.Host\Caliburn.Micro.Demo.Host.csproj", "{800EA11A-D929-4CB8-8CA1-081A0F6F6DB0}"
EndProject
Project("{FAE04EC0-301F-11D3-BF4B-00C04F79EFBC}") = "Caliburn.Micro.Demo.Companies.Module", "Caliburn.Micro.Demo.Companies.Module\Caliburn.Micro.Demo.Companies.Module.csproj", "{55291B72-25AD-4370-9564-47C8D577ED19}"
EndProject
Global
	GlobalSection(SolutionConfigurationPlatforms) = preSolution
		Debug|Any CPU = Debug|Any CPU
		Release|Any CPU = Release|Any CPU
	EndGlobalSection
	GlobalSection(ProjectConfigurationPlatforms) = postSolution
		{0943FDB7-99DC-430D-9151-A984A637A9DD}.Debug|Any CPU.ActiveCfg = Debug|Any CPU
		{0943FDB7-99DC-430D-9151-A984A637A9DD}.Debug|Any CPU.Build.0 = Debug|Any CPU
		{0943FDB7-99DC-430D-9151-A984A637A9DD}.Release|Any CPU.ActiveCfg = Release|Any CPU
		{0943FDB7-99DC-430D-9151-A984A637A9DD}.Release|Any CPU.Build.0 = Release|Any CPU
		{800EA11A-D929-4CB8-8CA1-081A0F6F6DB0}.Debug|Any CPU.ActiveCfg = Debug|Any CPU
		{800EA11A-D929-4CB8-8CA1-081A0F6F6DB0}.Debug|Any CPU.Build.0 = Debug|Any CPU
		{800EA11A-D929-4CB8-8CA1-081A0F6F6DB0}.Release|Any CPU.ActiveCfg = Release|Any CPU
		{800EA11A-D929-4CB8-8CA1-081A0F6F6DB0}.Release|Any CPU.Build.0 = Release|Any CPU
		{55291B72-25AD-4370-9564-47C8D577ED19}.Debug|Any CPU.ActiveCfg = Debug|Any CPU
		{55291B72-25AD-4370-9564-47C8D577ED19}.Debug|Any CPU.Build.0 = Debug|Any CPU
		{55291B72-25AD-4370-9564-47C8D577ED19}.Release|Any CPU.ActiveCfg = Release|Any CPU
		{55291B72-25AD-4370-9564-47C8D577ED19}.Release|Any CPU.Build.0 = Release|Any CPU
	EndGlobalSection
	GlobalSection(SolutionProperties) = preSolution
		HideSolutionNode = FALSE
	EndGlobalSection
	GlobalSection(ExtensibilityGlobals) = postSolution
		SolutionGuid = {B3AE2D07-8E3C-4B63-980F-78D9E6BD0ABC}
	EndGlobalSection
EndGlobal
